
Microsoft Visual Studio Solution File, Format Version 12.00
# Visual Studio 15
VisualStudioVersion = 15.0.28307.1145
MinimumVisualStudioVersion = 10.0.40219.1
Project("{FAE04EC0-301F-11D3-BF4B-00C04F79EFBC}") = "XLSTest", "XLSTest\XLSTest.csproj", "{121D3BFF-3653-4BB2-B8E5-AA976D5D4FDF}"
EndProject
Global
	GlobalSection(SolutionConfigurationPlatforms) = preSolution
		Debug|Any CPU = Debug|Any CPU
		Release|Any CPU = Release|Any CPU
	EndGlobalSection
	GlobalSection(ProjectConfigurationPlatforms) = postSolution
		{121D3BFF-3653-4BB2-B8E5-AA976D5D4FDF}.Debug|Any CPU.ActiveCfg = Debug|Any CPU
		{121D3BFF-3653-4BB2-B8E5-AA976D5D4FDF}.Debug|Any CPU.Build.0 = Debug|Any CPU
		{121D3BFF-3653-4BB2-B8E5-AA976D5D4FDF}.Release|Any CPU.ActiveCfg = Release|Any CPU
		{121D3BFF-3653-4BB2-B8E5-AA976D5D4FDF}.Release|Any CPU.Build.0 = Release|Any CPU
	EndGlobalSection
	GlobalSection(SolutionProperties) = preSolution
		HideSolutionNode = FALSE
	EndGlobalSection
	GlobalSection(ExtensibilityGlobals) = postSolution
		SolutionGuid = {7DBD48CA-83F3-4046-9C42-2C9805406F82}
	EndGlobalSection
EndGlobal
